
Microsoft Visual Studio Solution File, Format Version 12.00
# Visual Studio Version 17
VisualStudioVersion = 17.5.002.0
MinimumVisualStudioVersion = 10.0.40219.1
Project("{2150E333-8FDC-42A3-9474-1A3956D46DE8}") = "bindings", "bindings", "{21C88086-6D20-4782-ABA2-ECC589F61366}"
EndProject
Project("{9A19103F-16F7-4668-BE54-9A1E7A4F7556}") = "csharp", "bindings\csharp\csharp.csproj", "{85F23D1C-30C4-4528-B4B8-16D4ED6573E9}"
EndProject
Project("{2150E333-8FDC-42A3-9474-1A3956D46DE8}") = "reference", "reference", "{20F1589B-2F64-487B-A283-73881F2813D9}"
EndProject
Project("{2150E333-8FDC-42A3-9474-1A3956D46DE8}") = "NexusMods.Archives.Nx", "NexusMods.Archives.Nx", "{ECF28A71-BC69-4283-A5DB-9144E89A3A33}"
EndProject
Project("{9A19103F-16F7-4668-BE54-9A1E7A4F7556}") = "NexusMods.Archives.Nx.Benchmarks", "reference\NexusMods.Archives.Nx\NexusMods.Archives.Nx.Benchmarks\NexusMods.Archives.Nx.Benchmarks.csproj", "{E6C945C3-B82A-4672-BA2C-B17C8B77C6BD}"
EndProject
Project("{9A19103F-16F7-4668-BE54-9A1E7A4F7556}") = "NexusMods.Archives.Nx.Cli", "reference\NexusMods.Archives.Nx\NexusMods.Archives.Nx.Cli\NexusMods.Archives.Nx.Cli.csproj", "{08401C6F-2EB8-4811-92C4-F6502F75A9AB}"
EndProject
Project("{9A19103F-16F7-4668-BE54-9A1E7A4F7556}") = "NexusMods.Archives.Nx.Tests", "reference\NexusMods.Archives.Nx\NexusMods.Archives.Nx.Tests\NexusMods.Archives.Nx.Tests.csproj", "{10442457-D1DC-43AE-B2EF-7E77E117F957}"
EndProject
Project("{9A19103F-16F7-4668-BE54-9A1E7A4F7556}") = "NexusMods.Archives.Nx", "reference\NexusMods.Archives.Nx\NexusMods.Archives.Nx\NexusMods.Archives.Nx.csproj", "{78D4D7A2-0F71-41D0-A9DB-713263ABB399}"
EndProject
Global
	GlobalSection(SolutionConfigurationPlatforms) = preSolution
		Debug|Any CPU = Debug|Any CPU
		Release|Any CPU = Release|Any CPU
	EndGlobalSection
	GlobalSection(ProjectConfigurationPlatforms) = postSolution
		{85F23D1C-30C4-4528-B4B8-16D4ED6573E9}.Debug|Any CPU.ActiveCfg = Debug|Any CPU
		{85F23D1C-30C4-4528-B4B8-16D4ED6573E9}.Debug|Any CPU.Build.0 = Debug|Any CPU
		{85F23D1C-30C4-4528-B4B8-16D4ED6573E9}.Release|Any CPU.ActiveCfg = Release|Any CPU
		{85F23D1C-30C4-4528-B4B8-16D4ED6573E9}.Release|Any CPU.Build.0 = Release|Any CPU
		{E6C945C3-B82A-4672-BA2C-B17C8B77C6BD}.Debug|Any CPU.ActiveCfg = Debug|Any CPU
		{E6C945C3-B82A-4672-BA2C-B17C8B77C6BD}.Debug|Any CPU.Build.0 = Debug|Any CPU
		{E6C945C3-B82A-4672-BA2C-B17C8B77C6BD}.Release|Any CPU.ActiveCfg = Release|Any CPU
		{E6C945C3-B82A-4672-BA2C-B17C8B77C6BD}.Release|Any CPU.Build.0 = Release|Any CPU
		{08401C6F-2EB8-4811-92C4-F6502F75A9AB}.Debug|Any CPU.ActiveCfg = Debug|Any CPU
		{08401C6F-2EB8-4811-92C4-F6502F75A9AB}.Debug|Any CPU.Build.0 = Debug|Any CPU
		{08401C6F-2EB8-4811-92C4-F6502F75A9AB}.Release|Any CPU.ActiveCfg = Release|Any CPU
		{08401C6F-2EB8-4811-92C4-F6502F75A9AB}.Release|Any CPU.Build.0 = Release|Any CPU
		{10442457-D1DC-43AE-B2EF-7E77E117F957}.Debug|Any CPU.ActiveCfg = Debug|Any CPU
		{10442457-D1DC-43AE-B2EF-7E77E117F957}.Debug|Any CPU.Build.0 = Debug|Any CPU
		{10442457-D1DC-43AE-B2EF-7E77E117F957}.Release|Any CPU.ActiveCfg = Release|Any CPU
		{10442457-D1DC-43AE-B2EF-7E77E117F957}.Release|Any CPU.Build.0 = Release|Any CPU
		{78D4D7A2-0F71-41D0-A9DB-713263ABB399}.Debug|Any CPU.ActiveCfg = Debug|Any CPU
		{78D4D7A2-0F71-41D0-A9DB-713263ABB399}.Debug|Any CPU.Build.0 = Debug|Any CPU
		{78D4D7A2-0F71-41D0-A9DB-713263ABB399}.Release|Any CPU.ActiveCfg = Release|Any CPU
		{78D4D7A2-0F71-41D0-A9DB-713263ABB399}.Release|Any CPU.Build.0 = Release|Any CPU
	EndGlobalSection
	GlobalSection(SolutionProperties) = preSolution
		HideSolutionNode = FALSE
	EndGlobalSection
	GlobalSection(NestedProjects) = preSolution
		{85F23D1C-30C4-4528-B4B8-16D4ED6573E9} = {21C88086-6D20-4782-ABA2-ECC589F61366}
		{ECF28A71-BC69-4283-A5DB-9144E89A3A33} = {20F1589B-2F64-487B-A283-73881F2813D9}
		{E6C945C3-B82A-4672-BA2C-B17C8B77C6BD} = {ECF28A71-BC69-4283-A5DB-9144E89A3A33}
		{08401C6F-2EB8-4811-92C4-F6502F75A9AB} = {ECF28A71-BC69-4283-A5DB-9144E89A3A33}
		{10442457-D1DC-43AE-B2EF-7E77E117F957} = {ECF28A71-BC69-4283-A5DB-9144E89A3A33}
		{78D4D7A2-0F71-41D0-A9DB-713263ABB399} = {ECF28A71-BC69-4283-A5DB-9144E89A3A33}
	EndGlobalSection
	GlobalSection(ExtensibilityGlobals) = postSolution
		SolutionGuid = {2ACFEC29-F140-4745-BB42-31A72C6A273B}
	EndGlobalSection
EndGlobal
